// !$*UTF8*$!
{
	archiveVersion = 1;
	classes = {
	};
	objectVersion = 48;
	objects = {

/* Begin PBXBuildFile section */
		9029B6001FA8C06800648438 /* NSString+Custom.m in Sources */ = {isa = PBXBuildFile; fileRef = 9029B5FF1FA8C06800648438 /* NSString+Custom.m */; };
		902FDF2B1FA22A5C006F90E1 /* MainViewControllerTableViewCell.m in Sources */ = {isa = PBXBuildFile; fileRef = 902FDF2A1FA22A5C006F90E1 /* MainViewControllerTableViewCell.m */; };
		9037B72F2063437200F78454 /* ApplayForQuestionViewController.m in Sources */ = {isa = PBXBuildFile; fileRef = 9037B72E2063437200F78454 /* ApplayForQuestionViewController.m */; };
		905596801FA0D86700598A5E /* UIViewController+SteShowCustomWindow.m in Sources */ = {isa = PBXBuildFile; fileRef = 9055967F1FA0D86700598A5E /* UIViewController+SteShowCustomWindow.m */; };
		90576E2F2047D938002D73E8 /* AbountKvcAndKvoViewController.m in Sources */ = {isa = PBXBuildFile; fileRef = 90576E2E2047D938002D73E8 /* AbountKvcAndKvoViewController.m */; };
		90576E322047F135002D73E8 /* SteKeyValueObserver.m in Sources */ = {isa = PBXBuildFile; fileRef = 90576E312047F135002D73E8 /* SteKeyValueObserver.m */; };
		90576E38204840A3002D73E8 /* SteKeyValueColor.m in Sources */ = {isa = PBXBuildFile; fileRef = 90576E37204840A3002D73E8 /* SteKeyValueColor.m */; };
		90576E3E204A93C8002D73E8 /* TestProcessViewController.m in Sources */ = {isa = PBXBuildFile; fileRef = 90576E3D204A93C8002D73E8 /* TestProcessViewController.m */; };
		90576E41204A9445002D73E8 /* TestPthread.m in Sources */ = {isa = PBXBuildFile; fileRef = 90576E40204A9445002D73E8 /* TestPthread.m */; };
		90595AA6204D97CA00872B46 /* CustomSubThread.m in Sources */ = {isa = PBXBuildFile; fileRef = 90595AA5204D97CA00872B46 /* CustomSubThread.m */; };
		9069B4241FB749A600457CA3 /* LearnOutLetsViewController.m in Sources */ = {isa = PBXBuildFile; fileRef = 9069B4231FB749A600457CA3 /* LearnOutLetsViewController.m */; };
		9069B4271FB749E200457CA3 /* LearnOutLetsCustomView.m in Sources */ = {isa = PBXBuildFile; fileRef = 9069B4261FB749E200457CA3 /* LearnOutLetsCustomView.m */; };
		906E11C91FB09579005B205A /* MapTableVIewAndHashTableViewController.m in Sources */ = {isa = PBXBuildFile; fileRef = 906E11C81FB09579005B205A /* MapTableVIewAndHashTableViewController.m */; };
		9087929320528AD500520631 /* NSStringEncodingViewController.m in Sources */ = {isa = PBXBuildFile; fileRef = 9087929120528AD500520631 /* NSStringEncodingViewController.m */; };
		9087929720528B4600520631 /* GCDTimerVSNSTimerViewController.m in Sources */ = {isa = PBXBuildFile; fileRef = 9087929620528B4600520631 /* GCDTimerVSNSTimerViewController.m */; };
		9087929A2052BF1C00520631 /* GCDTimerVSNSTimerBaseViewController.m in Sources */ = {isa = PBXBuildFile; fileRef = 908792992052BF1C00520631 /* GCDTimerVSNSTimerBaseViewController.m */; };
		9087929E205683F600520631 /* LearnViewAnimationViewController.m in Sources */ = {isa = PBXBuildFile; fileRef = 9087929D205683F600520631 /* LearnViewAnimationViewController.m */; };
		909FDBFE1FB5E2EF00567097 /* HashTable.c in Sources */ = {isa = PBXBuildFile; fileRef = 909FDBFD1FB5E2EE00567097 /* HashTable.c */; };
		90AA18D11FA63509008E65C1 /* TestTextAttachmentViewController.m in Sources */ = {isa = PBXBuildFile; fileRef = 90AA18D01FA63509008E65C1 /* TestTextAttachmentViewController.m */; };
		90AA18D41FA64127008E65C1 /* NSTextAttachment_Custom.m in Sources */ = {isa = PBXBuildFile; fileRef = 90AA18D31FA64127008E65C1 /* NSTextAttachment_Custom.m */; };
		90B818311FAF2F4000577AB8 /* TestJSFilesViewController.m in Sources */ = {isa = PBXBuildFile; fileRef = 90B818301FAF2F4000577AB8 /* TestJSFilesViewController.m */; };
		90B818371FAF2F7E00577AB8 /* city.js in Resources */ = {isa = PBXBuildFile; fileRef = 90B818331FAF2F7E00577AB8 /* city.js */; };
		90B818381FAF2F7E00577AB8 /* district.js in Resources */ = {isa = PBXBuildFile; fileRef = 90B818341FAF2F7E00577AB8 /* district.js */; };
		90B818391FAF2F7E00577AB8 /* province.js in Resources */ = {isa = PBXBuildFile; fileRef = 90B818351FAF2F7E00577AB8 /* province.js */; };
		90B8183A1FAF2F7E00577AB8 /* street.js in Resources */ = {isa = PBXBuildFile; fileRef = 90B818361FAF2F7E00577AB8 /* street.js */; };
		90B8183D1FAF318100577AB8 /* ShowCustomWinViewController.m in Sources */ = {isa = PBXBuildFile; fileRef = 90B8183C1FAF318100577AB8 /* ShowCustomWinViewController.m */; };
		90B818411FAF3C1C00577AB8 /* TestBitsOperaterActionViewController.m in Sources */ = {isa = PBXBuildFile; fileRef = 90B818401FAF3C1C00577AB8 /* TestBitsOperaterActionViewController.m */; };
		90D679421F910CE800649913 /* Main.storyboard in Resources */ = {isa = PBXBuildFile; fileRef = 90D679401F910CE800649913 /* Main.storyboard */; };
		90D679441F910CE800649913 /* Assets.xcassets in Resources */ = {isa = PBXBuildFile; fileRef = 90D679431F910CE800649913 /* Assets.xcassets */; };
		90D679471F910CE800649913 /* LaunchScreen.storyboard in Resources */ = {isa = PBXBuildFile; fileRef = 90D679451F910CE800649913 /* LaunchScreen.storyboard */; };
		90D6794A1F910CE800649913 /* main.m in Sources */ = {isa = PBXBuildFile; fileRef = 90D679491F910CE800649913 /* main.m */; };
		90D679541F910CE800649913 /* CustomWindowTests.m in Sources */ = {isa = PBXBuildFile; fileRef = 90D679531F910CE800649913 /* CustomWindowTests.m */; };
		90D6795F1F910CE800649913 /* CustomWindowUITests.m in Sources */ = {isa = PBXBuildFile; fileRef = 90D6795E1F910CE800649913 /* CustomWindowUITests.m */; };
		90D6796F1F910D8D00649913 /* AppDelegate.m in Sources */ = {isa = PBXBuildFile; fileRef = 90D6796E1F910D8D00649913 /* AppDelegate.m */; };
		90D679731F910DDD00649913 /* MainViewController.m in Sources */ = {isa = PBXBuildFile; fileRef = 90D679721F910DDD00649913 /* MainViewController.m */; };
		90D679781F91159600649913 /* SteWindow.m in Sources */ = {isa = PBXBuildFile; fileRef = 90D679771F91159600649913 /* SteWindow.m */; };
		90D679801F91274A00649913 /* CustomViewController.m in Sources */ = {isa = PBXBuildFile; fileRef = 90D6797E1F91274A00649913 /* CustomViewController.m */; };
		90D679841F92EB4600649913 /* UIApplication+SteWindow.m in Sources */ = {isa = PBXBuildFile; fileRef = 90D679831F92EB4600649913 /* UIApplication+SteWindow.m */; };
		90D679871F93577B00649913 /* SteAWindow.m in Sources */ = {isa = PBXBuildFile; fileRef = 90D679861F93577B00649913 /* SteAWindow.m */; };
		90E765F61FB3396A006BD316 /* TextItem.m in Sources */ = {isa = PBXBuildFile; fileRef = 90E765F51FB3396A006BD316 /* TextItem.m */; };
		90E765F91FB33F6A006BD316 /* TextObj.m in Sources */ = {isa = PBXBuildFile; fileRef = 90E765F81FB33F6A006BD316 /* TextObj.m */; };
		90ED7AFB1FA4F20D0055EB1B /* x.txt in Resources */ = {isa = PBXBuildFile; fileRef = 90ED7AFA1FA4F20C0055EB1B /* x.txt */; };
		928A3B972754DE542CE355AE /* libPods-CustomWindowUITests.a in Frameworks */ = {isa = PBXBuildFile; fileRef = D971E138D1DCD2D0D1B996AF /* libPods-CustomWindowUITests.a */; };
		B5D52D5087C1FC0FB0BF340B /* libPods-CustomWindowTests.a in Frameworks */ = {isa = PBXBuildFile; fileRef = 81995D286FA3436157B739DC /* libPods-CustomWindowTests.a */; };
		DEA4478F057BA3D805CB0E85 /* libPods-CustomWindow.a in Frameworks */ = {isa = PBXBuildFile; fileRef = 9CC79442689AFB9234C07261 /* libPods-CustomWindow.a */; };
/* End PBXBuildFile section */

/* Begin PBXContainerItemProxy section */
		90D679501F910CE800649913 /* PBXContainerItemProxy */ = {
			isa = PBXContainerItemProxy;
			containerPortal = 90D6792F1F910CE800649913 /* Project object */;
			proxyType = 1;
			remoteGlobalIDString = 90D679361F910CE800649913;
			remoteInfo = CustomWindow;
		};
		90D6795B1F910CE800649913 /* PBXContainerItemProxy */ = {
			isa = PBXContainerItemProxy;
			containerPortal = 90D6792F1F910CE800649913 /* Project object */;
			proxyType = 1;
			remoteGlobalIDString = 90D679361F910CE800649913;
			remoteInfo = CustomWindow;
		};
/* End PBXContainerItemProxy section */

/* Begin PBXFileReference section */
		16B31D4CAEF25ED530D2EA7A /* Pods-CustomWindowTests.debug.xcconfig */ = {isa = PBXFileReference; includeInIndex = 1; lastKnownFileType = text.xcconfig; name = "Pods-CustomWindowTests.debug.xcconfig"; path = "Pods/Target Support Files/Pods-CustomWindowTests/Pods-CustomWindowTests.debug.xcconfig"; sourceTree = "<group>"; };
		5937A4FFA5D72F1AE9398F68 /* Pods-CustomWindow.release.xcconfig */ = {isa = PBXFileReference; includeInIndex = 1; lastKnownFileType = text.xcconfig; name = "Pods-CustomWindow.release.xcconfig"; path = "Pods/Target Support Files/Pods-CustomWindow/Pods-CustomWindow.release.xcconfig"; sourceTree = "<group>"; };
		81995D286FA3436157B739DC /* libPods-CustomWindowTests.a */ = {isa = PBXFileReference; explicitFileType = archive.ar; includeInIndex = 0; path = "libPods-CustomWindowTests.a"; sourceTree = BUILT_PRODUCTS_DIR; };
		9029B5FE1FA8C06800648438 /* NSString+Custom.h */ = {isa = PBXFileReference; lastKnownFileType = sourcecode.c.h; path = "NSString+Custom.h"; sourceTree = "<group>"; };
		9029B5FF1FA8C06800648438 /* NSString+Custom.m */ = {isa = PBXFileReference; lastKnownFileType = sourcecode.c.objc; path = "NSString+Custom.m"; sourceTree = "<group>"; };
		902FDF291FA22A5C006F90E1 /* MainViewControllerTableViewCell.h */ = {isa = PBXFileReference; lastKnownFileType = sourcecode.c.h; path = MainViewControllerTableViewCell.h; sourceTree = "<group>"; };
		902FDF2A1FA22A5C006F90E1 /* MainViewControllerTableViewCell.m */ = {isa = PBXFileReference; lastKnownFileType = sourcecode.c.objc; path = MainViewControllerTableViewCell.m; sourceTree = "<group>"; };
		9037B72D2063437200F78454 /* ApplayForQuestionViewController.h */ = {isa = PBXFileReference; lastKnownFileType = sourcecode.c.h; path = ApplayForQuestionViewController.h; sourceTree = "<group>"; };
		9037B72E2063437200F78454 /* ApplayForQuestionViewController.m */ = {isa = PBXFileReference; lastKnownFileType = sourcecode.c.objc; path = ApplayForQuestionViewController.m; sourceTree = "<group>"; };
		9055967E1FA0D86700598A5E /* UIViewController+SteShowCustomWindow.h */ = {isa = PBXFileReference; lastKnownFileType = sourcecode.c.h; path = "UIViewController+SteShowCustomWindow.h"; sourceTree = "<group>"; };
		9055967F1FA0D86700598A5E /* UIViewController+SteShowCustomWindow.m */ = {isa = PBXFileReference; lastKnownFileType = sourcecode.c.objc; path = "UIViewController+SteShowCustomWindow.m"; sourceTree = "<group>"; };
		90576E2D2047D938002D73E8 /* AbountKvcAndKvoViewController.h */ = {isa = PBXFileReference; lastKnownFileType = sourcecode.c.h; path = AbountKvcAndKvoViewController.h; sourceTree = "<group>"; };
		90576E2E2047D938002D73E8 /* AbountKvcAndKvoViewController.m */ = {isa = PBXFileReference; lastKnownFileType = sourcecode.c.objc; path = AbountKvcAndKvoViewController.m; sourceTree = "<group>"; };
		90576E302047F135002D73E8 /* SteKeyValueObserver.h */ = {isa = PBXFileReference; lastKnownFileType = sourcecode.c.h; path = SteKeyValueObserver.h; sourceTree = "<group>"; };
		90576E312047F135002D73E8 /* SteKeyValueObserver.m */ = {isa = PBXFileReference; lastKnownFileType = sourcecode.c.objc; path = SteKeyValueObserver.m; sourceTree = "<group>"; };
		90576E36204840A3002D73E8 /* SteKeyValueColor.h */ = {isa = PBXFileReference; lastKnownFileType = sourcecode.c.h; path = SteKeyValueColor.h; sourceTree = "<group>"; };
		90576E37204840A3002D73E8 /* SteKeyValueColor.m */ = {isa = PBXFileReference; lastKnownFileType = sourcecode.c.objc; path = SteKeyValueColor.m; sourceTree = "<group>"; };
		90576E3C204A93C8002D73E8 /* TestProcessViewController.h */ = {isa = PBXFileReference; lastKnownFileType = sourcecode.c.h; path = TestProcessViewController.h; sourceTree = "<group>"; };
		90576E3D204A93C8002D73E8 /* TestProcessViewController.m */ = {isa = PBXFileReference; lastKnownFileType = sourcecode.c.objc; path = TestProcessViewController.m; sourceTree = "<group>"; };
		90576E3F204A9445002D73E8 /* TestPthread.h */ = {isa = PBXFileReference; lastKnownFileType = sourcecode.c.h; path = TestPthread.h; sourceTree = "<group>"; };
		90576E40204A9445002D73E8 /* TestPthread.m */ = {isa = PBXFileReference; lastKnownFileType = sourcecode.c.objc; path = TestPthread.m; sourceTree = "<group>"; };
		90595AA4204D97CA00872B46 /* CustomSubThread.h */ = {isa = PBXFileReference; lastKnownFileType = sourcecode.c.h; path = CustomSubThread.h; sourceTree = "<group>"; };
		90595AA5204D97CA00872B46 /* CustomSubThread.m */ = {isa = PBXFileReference; lastKnownFileType = sourcecode.c.objc; path = CustomSubThread.m; sourceTree = "<group>"; };
		9069B4221FB749A600457CA3 /* LearnOutLetsViewController.h */ = {isa = PBXFileReference; lastKnownFileType = sourcecode.c.h; path = LearnOutLetsViewController.h; sourceTree = "<group>"; };
		9069B4231FB749A600457CA3 /* LearnOutLetsViewController.m */ = {isa = PBXFileReference; lastKnownFileType = sourcecode.c.objc; path = LearnOutLetsViewController.m; sourceTree = "<group>"; };
		9069B4251FB749E200457CA3 /* LearnOutLetsCustomView.h */ = {isa = PBXFileReference; lastKnownFileType = sourcecode.c.h; path = LearnOutLetsCustomView.h; sourceTree = "<group>"; };
		9069B4261FB749E200457CA3 /* LearnOutLetsCustomView.m */ = {isa = PBXFileReference; lastKnownFileType = sourcecode.c.objc; path = LearnOutLetsCustomView.m; sourceTree = "<group>"; };
		906E11C71FB09579005B205A /* MapTableVIewAndHashTableViewController.h */ = {isa = PBXFileReference; lastKnownFileType = sourcecode.c.h; path = MapTableVIewAndHashTableViewController.h; sourceTree = "<group>"; };
		906E11C81FB09579005B205A /* MapTableVIewAndHashTableViewController.m */ = {isa = PBXFileReference; lastKnownFileType = sourcecode.c.objc; path = MapTableVIewAndHashTableViewController.m; sourceTree = "<group>"; };
		9087929120528AD500520631 /* NSStringEncodingViewController.m */ = {isa = PBXFileReference; fileEncoding = 4; lastKnownFileType = sourcecode.c.objc; path = NSStringEncodingViewController.m; sourceTree = "<group>"; };
		9087929220528AD500520631 /* NSStringEncodingViewController.h */ = {isa = PBXFileReference; fileEncoding = 4; lastKnownFileType = sourcecode.c.h; path = NSStringEncodingViewController.h; sourceTree = "<group>"; };
		9087929520528B4600520631 /* GCDTimerVSNSTimerViewController.h */ = {isa = PBXFileReference; lastKnownFileType = sourcecode.c.h; path = GCDTimerVSNSTimerViewController.h; sourceTree = "<group>"; };
		9087929620528B4600520631 /* GCDTimerVSNSTimerViewController.m */ = {isa = PBXFileReference; lastKnownFileType = sourcecode.c.objc; path = GCDTimerVSNSTimerViewController.m; sourceTree = "<group>"; };
		908792982052BF1C00520631 /* GCDTimerVSNSTimerBaseViewController.h */ = {isa = PBXFileReference; lastKnownFileType = sourcecode.c.h; path = GCDTimerVSNSTimerBaseViewController.h; sourceTree = "<group>"; };
		908792992052BF1C00520631 /* GCDTimerVSNSTimerBaseViewController.m */ = {isa = PBXFileReference; lastKnownFileType = sourcecode.c.objc; path = GCDTimerVSNSTimerBaseViewController.m; sourceTree = "<group>"; };
		9087929C205683F600520631 /* LearnViewAnimationViewController.h */ = {isa = PBXFileReference; lastKnownFileType = sourcecode.c.h; path = LearnViewAnimationViewController.h; sourceTree = "<group>"; };
		9087929D205683F600520631 /* LearnViewAnimationViewController.m */ = {isa = PBXFileReference; lastKnownFileType = sourcecode.c.objc; path = LearnViewAnimationViewController.m; sourceTree = "<group>"; };
		909FDBFC1FB5E2D300567097 /* HashTable.h */ = {isa = PBXFileReference; fileEncoding = 4; lastKnownFileType = sourcecode.c.h; path = HashTable.h; sourceTree = "<group>"; };
		909FDBFD1FB5E2EE00567097 /* HashTable.c */ = {isa = PBXFileReference; fileEncoding = 4; lastKnownFileType = sourcecode.c.c; path = HashTable.c; sourceTree = "<group>"; };
		90AA18CF1FA63509008E65C1 /* TestTextAttachmentViewController.h */ = {isa = PBXFileReference; lastKnownFileType = sourcecode.c.h; path = TestTextAttachmentViewController.h; sourceTree = "<group>"; };
		90AA18D01FA63509008E65C1 /* TestTextAttachmentViewController.m */ = {isa = PBXFileReference; lastKnownFileType = sourcecode.c.objc; path = TestTextAttachmentViewController.m; sourceTree = "<group>"; };
		90AA18D21FA64127008E65C1 /* NSTextAttachment_Custom.h */ = {isa = PBXFileReference; lastKnownFileType = sourcecode.c.h; path = NSTextAttachment_Custom.h; sourceTree = "<group>"; };
		90AA18D31FA64127008E65C1 /* NSTextAttachment_Custom.m */ = {isa = PBXFileReference; lastKnownFileType = sourcecode.c.objc; path = NSTextAttachment_Custom.m; sourceTree = "<group>"; };
		90B8182F1FAF2F4000577AB8 /* TestJSFilesViewController.h */ = {isa = PBXFileReference; lastKnownFileType = sourcecode.c.h; path = TestJSFilesViewController.h; sourceTree = "<group>"; };
		90B818301FAF2F4000577AB8 /* TestJSFilesViewController.m */ = {isa = PBXFileReference; lastKnownFileType = sourcecode.c.objc; path = TestJSFilesViewController.m; sourceTree = "<group>"; };
		90B818331FAF2F7E00577AB8 /* city.js */ = {isa = PBXFileReference; fileEncoding = 4; lastKnownFileType = sourcecode.javascript; path = city.js; sourceTree = "<group>"; };
		90B818341FAF2F7E00577AB8 /* district.js */ = {isa = PBXFileReference; fileEncoding = 4; lastKnownFileType = sourcecode.javascript; path = district.js; sourceTree = "<group>"; };
		90B818351FAF2F7E00577AB8 /* province.js */ = {isa = PBXFileReference; fileEncoding = 4; lastKnownFileType = sourcecode.javascript; path = province.js; sourceTree = "<group>"; };
		90B818361FAF2F7E00577AB8 /* street.js */ = {isa = PBXFileReference; fileEncoding = 4; lastKnownFileType = sourcecode.javascript; path = street.js; sourceTree = "<group>"; };
		90B8183B1FAF318100577AB8 /* ShowCustomWinViewController.h */ = {isa = PBXFileReference; lastKnownFileType = sourcecode.c.h; path = ShowCustomWinViewController.h; sourceTree = "<group>"; };
		90B8183C1FAF318100577AB8 /* ShowCustomWinViewController.m */ = {isa = PBXFileReference; lastKnownFileType = sourcecode.c.objc; path = ShowCustomWinViewController.m; sourceTree = "<group>"; };
		90B8183F1FAF3C1C00577AB8 /* TestBitsOperaterActionViewController.h */ = {isa = PBXFileReference; lastKnownFileType = sourcecode.c.h; path = TestBitsOperaterActionViewController.h; sourceTree = "<group>"; };
		90B818401FAF3C1C00577AB8 /* TestBitsOperaterActionViewController.m */ = {isa = PBXFileReference; lastKnownFileType = sourcecode.c.objc; path = TestBitsOperaterActionViewController.m; sourceTree = "<group>"; };
		90D679371F910CE800649913 /* CustomWindow.app */ = {isa = PBXFileReference; explicitFileType = wrapper.application; includeInIndex = 0; path = CustomWindow.app; sourceTree = BUILT_PRODUCTS_DIR; };
		90D679411F910CE800649913 /* Base */ = {isa = PBXFileReference; lastKnownFileType = file.storyboard; name = Base; path = Base.lproj/Main.storyboard; sourceTree = "<group>"; };
		90D679431F910CE800649913 /* Assets.xcassets */ = {isa = PBXFileReference; lastKnownFileType = folder.assetcatalog; path = Assets.xcassets; sourceTree = "<group>"; };
		90D679461F910CE800649913 /* Base */ = {isa = PBXFileReference; lastKnownFileType = file.storyboard; name = Base; path = Base.lproj/LaunchScreen.storyboard; sourceTree = "<group>"; };
		90D679481F910CE800649913 /* Info.plist */ = {isa = PBXFileReference; lastKnownFileType = text.plist.xml; path = Info.plist; sourceTree = "<group>"; };
		90D679491F910CE800649913 /* main.m */ = {isa = PBXFileReference; lastKnownFileType = sourcecode.c.objc; path = main.m; sourceTree = "<group>"; };
		90D6794F1F910CE800649913 /* CustomWindowTests.xctest */ = {isa = PBXFileReference; explicitFileType = wrapper.cfbundle; includeInIndex = 0; path = CustomWindowTests.xctest; sourceTree = BUILT_PRODUCTS_DIR; };
		90D679531F910CE800649913 /* CustomWindowTests.m */ = {isa = PBXFileReference; lastKnownFileType = sourcecode.c.objc; path = CustomWindowTests.m; sourceTree = "<group>"; };
		90D679551F910CE800649913 /* Info.plist */ = {isa = PBXFileReference; lastKnownFileType = text.plist.xml; path = Info.plist; sourceTree = "<group>"; };
		90D6795A1F910CE800649913 /* CustomWindowUITests.xctest */ = {isa = PBXFileReference; explicitFileType = wrapper.cfbundle; includeInIndex = 0; path = CustomWindowUITests.xctest; sourceTree = BUILT_PRODUCTS_DIR; };
		90D6795E1F910CE800649913 /* CustomWindowUITests.m */ = {isa = PBXFileReference; lastKnownFileType = sourcecode.c.objc; path = CustomWindowUITests.m; sourceTree = "<group>"; };
		90D679601F910CE800649913 /* Info.plist */ = {isa = PBXFileReference; lastKnownFileType = text.plist.xml; path = Info.plist; sourceTree = "<group>"; };
		90D6796D1F910D8D00649913 /* AppDelegate.h */ = {isa = PBXFileReference; fileEncoding = 4; lastKnownFileType = sourcecode.c.h; path = AppDelegate.h; sourceTree = "<group>"; };
		90D6796E1F910D8D00649913 /* AppDelegate.m */ = {isa = PBXFileReference; fileEncoding = 4; lastKnownFileType = sourcecode.c.objc; path = AppDelegate.m; sourceTree = "<group>"; };
		90D679711F910DDD00649913 /* MainViewController.h */ = {isa = PBXFileReference; fileEncoding = 4; lastKnownFileType = sourcecode.c.h; path = MainViewController.h; sourceTree = "<group>"; };
		90D679721F910DDD00649913 /* MainViewController.m */ = {isa = PBXFileReference; fileEncoding = 4; lastKnownFileType = sourcecode.c.objc; path = MainViewController.m; sourceTree = "<group>"; };
		90D679761F91159600649913 /* SteWindow.h */ = {isa = PBXFileReference; lastKnownFileType = sourcecode.c.h; path = SteWindow.h; sourceTree = "<group>"; };
		90D679771F91159600649913 /* SteWindow.m */ = {isa = PBXFileReference; lastKnownFileType = sourcecode.c.objc; path = SteWindow.m; sourceTree = "<group>"; };
		90D6797D1F91274A00649913 /* CustomViewController.h */ = {isa = PBXFileReference; lastKnownFileType = sourcecode.c.h; path = CustomViewController.h; sourceTree = "<group>"; };
		90D6797E1F91274A00649913 /* CustomViewController.m */ = {isa = PBXFileReference; lastKnownFileType = sourcecode.c.objc; path = CustomViewController.m; sourceTree = "<group>"; };
		90D679821F92EB4600649913 /* UIApplication+SteWindow.h */ = {isa = PBXFileReference; lastKnownFileType = sourcecode.c.h; path = "UIApplication+SteWindow.h"; sourceTree = "<group>"; };
		90D679831F92EB4600649913 /* UIApplication+SteWindow.m */ = {isa = PBXFileReference; lastKnownFileType = sourcecode.c.objc; path = "UIApplication+SteWindow.m"; sourceTree = "<group>"; };
		90D679851F93577B00649913 /* SteAWindow.h */ = {isa = PBXFileReference; lastKnownFileType = sourcecode.c.h; path = SteAWindow.h; sourceTree = "<group>"; };
		90D679861F93577B00649913 /* SteAWindow.m */ = {isa = PBXFileReference; lastKnownFileType = sourcecode.c.objc; path = SteAWindow.m; sourceTree = "<group>"; };
		90E765F41FB3396A006BD316 /* TextItem.h */ = {isa = PBXFileReference; lastKnownFileType = sourcecode.c.h; path = TextItem.h; sourceTree = "<group>"; };
		90E765F51FB3396A006BD316 /* TextItem.m */ = {isa = PBXFileReference; lastKnownFileType = sourcecode.c.objc; path = TextItem.m; sourceTree = "<group>"; };
		90E765F71FB33F6A006BD316 /* TextObj.h */ = {isa = PBXFileReference; lastKnownFileType = sourcecode.c.h; path = TextObj.h; sourceTree = "<group>"; };
		90E765F81FB33F6A006BD316 /* TextObj.m */ = {isa = PBXFileReference; lastKnownFileType = sourcecode.c.objc; path = TextObj.m; sourceTree = "<group>"; };
		90ED7AFA1FA4F20C0055EB1B /* x.txt */ = {isa = PBXFileReference; fileEncoding = 4; lastKnownFileType = text; path = x.txt; sourceTree = "<group>"; };
		9166E267D3DBDEED3735E711 /* Pods-CustomWindowUITests.debug.xcconfig */ = {isa = PBXFileReference; includeInIndex = 1; lastKnownFileType = text.xcconfig; name = "Pods-CustomWindowUITests.debug.xcconfig"; path = "Pods/Target Support Files/Pods-CustomWindowUITests/Pods-CustomWindowUITests.debug.xcconfig"; sourceTree = "<group>"; };
		9CC79442689AFB9234C07261 /* libPods-CustomWindow.a */ = {isa = PBXFileReference; explicitFileType = archive.ar; includeInIndex = 0; path = "libPods-CustomWindow.a"; sourceTree = BUILT_PRODUCTS_DIR; };
		C47316BD743D5B57DDAF787E /* Pods-CustomWindow.debug.xcconfig */ = {isa = PBXFileReference; includeInIndex = 1; lastKnownFileType = text.xcconfig; name = "Pods-CustomWindow.debug.xcconfig"; path = "Pods/Target Support Files/Pods-CustomWindow/Pods-CustomWindow.debug.xcconfig"; sourceTree = "<group>"; };
		D55D18B05F9375620E514E27 /* Pods-CustomWindowUITests.release.xcconfig */ = {isa = PBXFileReference; includeInIndex = 1; lastKnownFileType = text.xcconfig; name = "Pods-CustomWindowUITests.release.xcconfig"; path = "Pods/Target Support Files/Pods-CustomWindowUITests/Pods-CustomWindowUITests.release.xcconfig"; sourceTree = "<group>"; };
		D971E138D1DCD2D0D1B996AF /* libPods-CustomWindowUITests.a */ = {isa = PBXFileReference; explicitFileType = archive.ar; includeInIndex = 0; path = "libPods-CustomWindowUITests.a"; sourceTree = BUILT_PRODUCTS_DIR; };
		FF7056EABB61D2283F2115A1 /* Pods-CustomWindowTests.release.xcconfig */ = {isa = PBXFileReference; includeInIndex = 1; lastKnownFileType = text.xcconfig; name = "Pods-CustomWindowTests.release.xcconfig"; path = "Pods/Target Support Files/Pods-CustomWindowTests/Pods-CustomWindowTests.release.xcconfig"; sourceTree = "<group>"; };
/* End PBXFileReference section */

/* Begin PBXFrameworksBuildPhase section */
		90D679341F910CE800649913 /* Frameworks */ = {
			isa = PBXFrameworksBuildPhase;
			buildActionMask = 2147483647;
			files = (
				DEA4478F057BA3D805CB0E85 /* libPods-CustomWindow.a in Frameworks */,
			);
			runOnlyForDeploymentPostprocessing = 0;
		};
		90D6794C1F910CE800649913 /* Frameworks */ = {
			isa = PBXFrameworksBuildPhase;
			buildActionMask = 2147483647;
			files = (
				B5D52D5087C1FC0FB0BF340B /* libPods-CustomWindowTests.a in Frameworks */,
			);
			runOnlyForDeploymentPostprocessing = 0;
		};
		90D679571F910CE800649913 /* Frameworks */ = {
			isa = PBXFrameworksBuildPhase;
			buildActionMask = 2147483647;
			files = (
				928A3B972754DE542CE355AE /* libPods-CustomWindowUITests.a in Frameworks */,
			);
			runOnlyForDeploymentPostprocessing = 0;
		};
/* End PBXFrameworksBuildPhase section */

/* Begin PBXGroup section */
		180EFCEB4C7A85018EFF1DBD /* Pods */ = {
			isa = PBXGroup;
			children = (
				C47316BD743D5B57DDAF787E /* Pods-CustomWindow.debug.xcconfig */,
				5937A4FFA5D72F1AE9398F68 /* Pods-CustomWindow.release.xcconfig */,
				16B31D4CAEF25ED530D2EA7A /* Pods-CustomWindowTests.debug.xcconfig */,
				FF7056EABB61D2283F2115A1 /* Pods-CustomWindowTests.release.xcconfig */,
				9166E267D3DBDEED3735E711 /* Pods-CustomWindowUITests.debug.xcconfig */,
				D55D18B05F9375620E514E27 /* Pods-CustomWindowUITests.release.xcconfig */,
			);
			name = Pods;
			sourceTree = "<group>";
		};
		65C10763715B9BBA9B51ECE6 /* Frameworks */ = {
			isa = PBXGroup;
			children = (
				9CC79442689AFB9234C07261 /* libPods-CustomWindow.a */,
				81995D286FA3436157B739DC /* libPods-CustomWindowTests.a */,
				D971E138D1DCD2D0D1B996AF /* libPods-CustomWindowUITests.a */,
			);
			name = Frameworks;
			sourceTree = "<group>";
		};
		9029B5FD1FA8C04900648438 /* Categorys */ = {
			isa = PBXGroup;
			children = (
				9029B5FE1FA8C06800648438 /* NSString+Custom.h */,
				9029B5FF1FA8C06800648438 /* NSString+Custom.m */,
			);
			path = Categorys;
			sourceTree = "<group>";
		};
		9037B72C2063435F00F78454 /* ApplayForQuestion */ = {
			isa = PBXGroup;
			children = (
				9037B72D2063437200F78454 /* ApplayForQuestionViewController.h */,
				9037B72E2063437200F78454 /* ApplayForQuestionViewController.m */,
			);
			path = ApplayForQuestion;
			sourceTree = "<group>";
		};
		90576E2C2047D912002D73E8 /* AbountKvcAndKvo */ = {
			isa = PBXGroup;
			children = (
				90576E2D2047D938002D73E8 /* AbountKvcAndKvoViewController.h */,
				90576E2E2047D938002D73E8 /* AbountKvcAndKvoViewController.m */,
				90576E302047F135002D73E8 /* SteKeyValueObserver.h */,
				90576E312047F135002D73E8 /* SteKeyValueObserver.m */,
				90576E36204840A3002D73E8 /* SteKeyValueColor.h */,
				90576E37204840A3002D73E8 /* SteKeyValueColor.m */,
			);
			path = AbountKvcAndKvo;
			sourceTree = "<group>";
		};
		90576E3B204A9387002D73E8 /* TestThread */ = {
			isa = PBXGroup;
			children = (
				90576E3C204A93C8002D73E8 /* TestProcessViewController.h */,
				90576E3D204A93C8002D73E8 /* TestProcessViewController.m */,
				90576E3F204A9445002D73E8 /* TestPthread.h */,
				90576E40204A9445002D73E8 /* TestPthread.m */,
				90595AA4204D97CA00872B46 /* CustomSubThread.h */,
				90595AA5204D97CA00872B46 /* CustomSubThread.m */,
			);
			path = TestThread;
			sourceTree = "<group>";
		};
		9069B4211FB7474400457CA3 /* LearnOutLetsViewController */ = {
			isa = PBXGroup;
			children = (
				9069B4221FB749A600457CA3 /* LearnOutLetsViewController.h */,
				9069B4231FB749A600457CA3 /* LearnOutLetsViewController.m */,
				9069B4251FB749E200457CA3 /* LearnOutLetsCustomView.h */,
				9069B4261FB749E200457CA3 /* LearnOutLetsCustomView.m */,
			);
			path = LearnOutLetsViewController;
			sourceTree = "<group>";
		};
		906E11C61FB0955C005B205A /* MapTableVIewAndHashTable */ = {
			isa = PBXGroup;
			children = (
				909FDBFC1FB5E2D300567097 /* HashTable.h */,
				909FDBFD1FB5E2EE00567097 /* HashTable.c */,
				906E11C71FB09579005B205A /* MapTableVIewAndHashTableViewController.h */,
				906E11C81FB09579005B205A /* MapTableVIewAndHashTableViewController.m */,
				90E765F41FB3396A006BD316 /* TextItem.h */,
				90E765F51FB3396A006BD316 /* TextItem.m */,
				90E765F71FB33F6A006BD316 /* TextObj.h */,
				90E765F81FB33F6A006BD316 /* TextObj.m */,
			);
			path = MapTableVIewAndHashTable;
			sourceTree = "<group>";
		};
		9087929020528AD500520631 /* NSStringEncoding */ = {
			isa = PBXGroup;
			children = (
				9087929120528AD500520631 /* NSStringEncodingViewController.m */,
				9087929220528AD500520631 /* NSStringEncodingViewController.h */,
			);
			path = NSStringEncoding;
			sourceTree = "<group>";
		};
		9087929420528B3400520631 /* GCDTimerVSNSTimer */ = {
			isa = PBXGroup;
			children = (
				9087929520528B4600520631 /* GCDTimerVSNSTimerViewController.h */,
				9087929620528B4600520631 /* GCDTimerVSNSTimerViewController.m */,
				908792982052BF1C00520631 /* GCDTimerVSNSTimerBaseViewController.h */,
				908792992052BF1C00520631 /* GCDTimerVSNSTimerBaseViewController.m */,
			);
			path = GCDTimerVSNSTimer;
			sourceTree = "<group>";
		};
		9087929B205683E500520631 /* LearnViewAnimation */ = {
			isa = PBXGroup;
			children = (
				9087929C205683F600520631 /* LearnViewAnimationViewController.h */,
				9087929D205683F600520631 /* LearnViewAnimationViewController.m */,
			);
			path = LearnViewAnimation;
			sourceTree = "<group>";
		};
		90AA18CE1FA634EA008E65C1 /* TestTextAttachment */ = {
			isa = PBXGroup;
			children = (
				90AA18CF1FA63509008E65C1 /* TestTextAttachmentViewController.h */,
				90AA18D01FA63509008E65C1 /* TestTextAttachmentViewController.m */,
				90AA18D21FA64127008E65C1 /* NSTextAttachment_Custom.h */,
				90AA18D31FA64127008E65C1 /* NSTextAttachment_Custom.m */,
			);
			path = TestTextAttachment;
			sourceTree = "<group>";
		};
		90B8182E1FAF2EBA00577AB8 /* TestJSFilesViewController */ = {
			isa = PBXGroup;
			children = (
				90B818321FAF2F7E00577AB8 /* JSFiles */,
				90B8182F1FAF2F4000577AB8 /* TestJSFilesViewController.h */,
				90B818301FAF2F4000577AB8 /* TestJSFilesViewController.m */,
			);
			path = TestJSFilesViewController;
			sourceTree = "<group>";
		};
		90B818321FAF2F7E00577AB8 /* JSFiles */ = {
			isa = PBXGroup;
			children = (
				90B818331FAF2F7E00577AB8 /* city.js */,
				90B818341FAF2F7E00577AB8 /* district.js */,
				90B818351FAF2F7E00577AB8 /* province.js */,
				90B818361FAF2F7E00577AB8 /* street.js */,
			);
			path = JSFiles;
			sourceTree = "<group>";
		};
		90B8183E1FAF3C0B00577AB8 /* TestBitsOperaterAction */ = {
			isa = PBXGroup;
			children = (
				90B8183F1FAF3C1C00577AB8 /* TestBitsOperaterActionViewController.h */,
				90B818401FAF3C1C00577AB8 /* TestBitsOperaterActionViewController.m */,
			);
			path = TestBitsOperaterAction;
			sourceTree = "<group>";
		};
		90D6792E1F910CE800649913 = {
			isa = PBXGroup;
			children = (
				90D679391F910CE800649913 /* CustomWindow */,
				90D679521F910CE800649913 /* CustomWindowTests */,
				90D6795D1F910CE800649913 /* CustomWindowUITests */,
				90D679381F910CE800649913 /* Products */,
				180EFCEB4C7A85018EFF1DBD /* Pods */,
				65C10763715B9BBA9B51ECE6 /* Frameworks */,
			);
			sourceTree = "<group>";
		};
		90D679381F910CE800649913 /* Products */ = {
			isa = PBXGroup;
			children = (
				90D679371F910CE800649913 /* CustomWindow.app */,
				90D6794F1F910CE800649913 /* CustomWindowTests.xctest */,
				90D6795A1F910CE800649913 /* CustomWindowUITests.xctest */,
			);
			name = Products;
			sourceTree = "<group>";
		};
		90D679391F910CE800649913 /* CustomWindow */ = {
			isa = PBXGroup;
			children = (
				9037B72C2063435F00F78454 /* ApplayForQuestion */,
				9087929B205683E500520631 /* LearnViewAnimation */,
				9087929420528B3400520631 /* GCDTimerVSNSTimer */,
				9087929020528AD500520631 /* NSStringEncoding */,
				90576E3B204A9387002D73E8 /* TestThread */,
				90576E2C2047D912002D73E8 /* AbountKvcAndKvo */,
				9069B4211FB7474400457CA3 /* LearnOutLetsViewController */,
				906E11C61FB0955C005B205A /* MapTableVIewAndHashTable */,
				90B8183E1FAF3C0B00577AB8 /* TestBitsOperaterAction */,
				9029B5FD1FA8C04900648438 /* Categorys */,
				90B8182E1FAF2EBA00577AB8 /* TestJSFilesViewController */,
				90AA18CE1FA634EA008E65C1 /* TestTextAttachment */,
				90D6797C1F91271D00649913 /* CustomViewController */,
				90D679751F91157200649913 /* CustomWin */,
				90D679741F910E9500649913 /* Sources */,
				90D679701F910DDD00649913 /* MainViewController */,
				90D6796C1F910D8D00649913 /* AppDelegate */,
				90D679401F910CE800649913 /* Main.storyboard */,
				90D679451F910CE800649913 /* LaunchScreen.storyboard */,
				90D679481F910CE800649913 /* Info.plist */,
				90D679491F910CE800649913 /* main.m */,
				90ED7AFA1FA4F20C0055EB1B /* x.txt */,
			);
			path = CustomWindow;
			sourceTree = "<group>";
		};
		90D679521F910CE800649913 /* CustomWindowTests */ = {
			isa = PBXGroup;
			children = (
				90D679531F910CE800649913 /* CustomWindowTests.m */,
				90D679551F910CE800649913 /* Info.plist */,
			);
			path = CustomWindowTests;
			sourceTree = "<group>";
		};
		90D6795D1F910CE800649913 /* CustomWindowUITests */ = {
			isa = PBXGroup;
			children = (
				90D6795E1F910CE800649913 /* CustomWindowUITests.m */,
				90D679601F910CE800649913 /* Info.plist */,
			);
			path = CustomWindowUITests;
			sourceTree = "<group>";
		};
		90D6796C1F910D8D00649913 /* AppDelegate */ = {
			isa = PBXGroup;
			children = (
				90D6796D1F910D8D00649913 /* AppDelegate.h */,
				90D6796E1F910D8D00649913 /* AppDelegate.m */,
			);
			path = AppDelegate;
			sourceTree = "<group>";
		};
		90D679701F910DDD00649913 /* MainViewController */ = {
			isa = PBXGroup;
			children = (
				90D679711F910DDD00649913 /* MainViewController.h */,
				90D679721F910DDD00649913 /* MainViewController.m */,
				902FDF291FA22A5C006F90E1 /* MainViewControllerTableViewCell.h */,
				902FDF2A1FA22A5C006F90E1 /* MainViewControllerTableViewCell.m */,
			);
			path = MainViewController;
			sourceTree = "<group>";
		};
		90D679741F910E9500649913 /* Sources */ = {
			isa = PBXGroup;
			children = (
				90D679431F910CE800649913 /* Assets.xcassets */,
			);
			path = Sources;
			sourceTree = "<group>";
		};
		90D679751F91157200649913 /* CustomWin */ = {
			isa = PBXGroup;
			children = (
				90D679761F91159600649913 /* SteWindow.h */,
				90D679771F91159600649913 /* SteWindow.m */,
				90D679821F92EB4600649913 /* UIApplication+SteWindow.h */,
				90D679831F92EB4600649913 /* UIApplication+SteWindow.m */,
				90D679851F93577B00649913 /* SteAWindow.h */,
				90D679861F93577B00649913 /* SteAWindow.m */,
				9055967E1FA0D86700598A5E /* UIViewController+SteShowCustomWindow.h */,
				9055967F1FA0D86700598A5E /* UIViewController+SteShowCustomWindow.m */,
				90B8183B1FAF318100577AB8 /* ShowCustomWinViewController.h */,
				90B8183C1FAF318100577AB8 /* ShowCustomWinViewController.m */,
			);
			path = CustomWin;
			sourceTree = "<group>";
		};
		90D6797C1F91271D00649913 /* CustomViewController */ = {
			isa = PBXGroup;
			children = (
				90D6797D1F91274A00649913 /* CustomViewController.h */,
				90D6797E1F91274A00649913 /* CustomViewController.m */,
			);
			path = CustomViewController;
			sourceTree = "<group>";
		};
/* End PBXGroup section */

/* Begin PBXNativeTarget section */
		90D679361F910CE800649913 /* CustomWindow */ = {
			isa = PBXNativeTarget;
			buildConfigurationList = 90D679631F910CE800649913 /* Build configuration list for PBXNativeTarget "CustomWindow" */;
			buildPhases = (
				B7D8DC53178EC0C577B21841 /* [CP] Check Pods Manifest.lock */,
				90D679331F910CE800649913 /* Sources */,
				90D679341F910CE800649913 /* Frameworks */,
				90D679351F910CE800649913 /* Resources */,
				292B0F779D8C05F0AB24EA3B /* [CP] Embed Pods Frameworks */,
				AD228DA905B876AAB536B986 /* [CP] Copy Pods Resources */,
			);
			buildRules = (
			);
			dependencies = (
			);
			name = CustomWindow;
			productName = CustomWindow;
			productReference = 90D679371F910CE800649913 /* CustomWindow.app */;
			productType = "com.apple.product-type.application";
		};
		90D6794E1F910CE800649913 /* CustomWindowTests */ = {
			isa = PBXNativeTarget;
			buildConfigurationList = 90D679661F910CE800649913 /* Build configuration list for PBXNativeTarget "CustomWindowTests" */;
			buildPhases = (
				6241CE62EAB06E3DBCDE9699 /* [CP] Check Pods Manifest.lock */,
				90D6794B1F910CE800649913 /* Sources */,
				90D6794C1F910CE800649913 /* Frameworks */,
				90D6794D1F910CE800649913 /* Resources */,
				18D20DD6626EE85A635C1CE4 /* [CP] Embed Pods Frameworks */,
				0F8E8325C7161F7DED680678 /* [CP] Copy Pods Resources */,
			);
			buildRules = (
			);
			dependencies = (
				90D679511F910CE800649913 /* PBXTargetDependency */,
			);
			name = CustomWindowTests;
			productName = CustomWindowTests;
			productReference = 90D6794F1F910CE800649913 /* CustomWindowTests.xctest */;
			productType = "com.apple.product-type.bundle.unit-test";
		};
		90D679591F910CE800649913 /* CustomWindowUITests */ = {
			isa = PBXNativeTarget;
			buildConfigurationList = 90D679691F910CE800649913 /* Build configuration list for PBXNativeTarget "CustomWindowUITests" */;
			buildPhases = (
				690DE278B345FAF05CBA6273 /* [CP] Check Pods Manifest.lock */,
				90D679561F910CE800649913 /* Sources */,
				90D679571F910CE800649913 /* Frameworks */,
				90D679581F910CE800649913 /* Resources */,
				08566BE7925A58B026EB8F0A /* [CP] Embed Pods Frameworks */,
				D5EB781E75BCED601E6B0B94 /* [CP] Copy Pods Resources */,
			);
			buildRules = (
			);
			dependencies = (
				90D6795C1F910CE800649913 /* PBXTargetDependency */,
			);
			name = CustomWindowUITests;
			productName = CustomWindowUITests;
			productReference = 90D6795A1F910CE800649913 /* CustomWindowUITests.xctest */;
			productType = "com.apple.product-type.bundle.ui-testing";
		};
/* End PBXNativeTarget section */

/* Begin PBXProject section */
		90D6792F1F910CE800649913 /* Project object */ = {
			isa = PBXProject;
			attributes = {
				LastUpgradeCheck = 0900;
				ORGANIZATIONNAME = Stephanie;
				TargetAttributes = {
					90D679361F910CE800649913 = {
						CreatedOnToolsVersion = 9.0;
						ProvisioningStyle = Automatic;
						SystemCapabilities = {
							com.apple.BackgroundModes = {
								enabled = 0;
							};
						};
					};
					90D6794E1F910CE800649913 = {
						CreatedOnToolsVersion = 9.0;
						ProvisioningStyle = Automatic;
						TestTargetID = 90D679361F910CE800649913;
					};
					90D679591F910CE800649913 = {
						CreatedOnToolsVersion = 9.0;
						ProvisioningStyle = Automatic;
						TestTargetID = 90D679361F910CE800649913;
					};
				};
			};
			buildConfigurationList = 90D679321F910CE800649913 /* Build configuration list for PBXProject "CustomWindow" */;
			compatibilityVersion = "Xcode 8.0";
			developmentRegion = en;
			hasScannedForEncodings = 0;
			knownRegions = (
				en,
				Base,
			);
			mainGroup = 90D6792E1F910CE800649913;
			productRefGroup = 90D679381F910CE800649913 /* Products */;
			projectDirPath = "";
			projectRoot = "";
			targets = (
				90D679361F910CE800649913 /* CustomWindow */,
				90D6794E1F910CE800649913 /* CustomWindowTests */,
				90D679591F910CE800649913 /* CustomWindowUITests */,
			);
		};
/* End PBXProject section */

/* Begin PBXResourcesBuildPhase section */
		90D679351F910CE800649913 /* Resources */ = {
			isa = PBXResourcesBuildPhase;
			buildActionMask = 2147483647;
			files = (
				90B818391FAF2F7E00577AB8 /* province.js in Resources */,
				90D679471F910CE800649913 /* LaunchScreen.storyboard in Resources */,
				90D679441F910CE800649913 /* Assets.xcassets in Resources */,
				90B8183A1FAF2F7E00577AB8 /* street.js in Resources */,
				90D679421F910CE800649913 /* Main.storyboard in Resources */,
				90ED7AFB1FA4F20D0055EB1B /* x.txt in Resources */,
				90B818381FAF2F7E00577AB8 /* district.js in Resources */,
				90B818371FAF2F7E00577AB8 /* city.js in Resources */,
			);
			runOnlyForDeploymentPostprocessing = 0;
		};
		90D6794D1F910CE800649913 /* Resources */ = {
			isa = PBXResourcesBuildPhase;
			buildActionMask = 2147483647;
			files = (
			);
			runOnlyForDeploymentPostprocessing = 0;
		};
		90D679581F910CE800649913 /* Resources */ = {
			isa = PBXResourcesBuildPhase;
			buildActionMask = 2147483647;
			files = (
			);
			runOnlyForDeploymentPostprocessing = 0;
		};
/* End PBXResourcesBuildPhase section */

/* Begin PBXShellScriptBuildPhase section */
		08566BE7925A58B026EB8F0A /* [CP] Embed Pods Frameworks */ = {
			isa = PBXShellScriptBuildPhase;
			buildActionMask = 2147483647;
			files = (
			);
			inputPaths = (
			);
			name = "[CP] Embed Pods Frameworks";
			outputPaths = (
			);
			runOnlyForDeploymentPostprocessing = 0;
			shellPath = /bin/sh;
			shellScript = "\"${SRCROOT}/Pods/Target Support Files/Pods-CustomWindowUITests/Pods-CustomWindowUITests-frameworks.sh\"\n";
			showEnvVarsInLog = 0;
		};
		0F8E8325C7161F7DED680678 /* [CP] Copy Pods Resources */ = {
			isa = PBXShellScriptBuildPhase;
			buildActionMask = 2147483647;
			files = (
			);
			inputPaths = (
			);
			name = "[CP] Copy Pods Resources";
			outputPaths = (
			);
			runOnlyForDeploymentPostprocessing = 0;
			shellPath = /bin/sh;
			shellScript = "\"${SRCROOT}/Pods/Target Support Files/Pods-CustomWindowTests/Pods-CustomWindowTests-resources.sh\"\n";
			showEnvVarsInLog = 0;
		};
		18D20DD6626EE85A635C1CE4 /* [CP] Embed Pods Frameworks */ = {
			isa = PBXShellScriptBuildPhase;
			buildActionMask = 2147483647;
			files = (
			);
			inputPaths = (
			);
			name = "[CP] Embed Pods Frameworks";
			outputPaths = (
			);
			runOnlyForDeploymentPostprocessing = 0;
			shellPath = /bin/sh;
			shellScript = "\"${SRCROOT}/Pods/Target Support Files/Pods-CustomWindowTests/Pods-CustomWindowTests-frameworks.sh\"\n";
			showEnvVarsInLog = 0;
		};
		292B0F779D8C05F0AB24EA3B /* [CP] Embed Pods Frameworks */ = {
			isa = PBXShellScriptBuildPhase;
			buildActionMask = 2147483647;
			files = (
			);
			inputPaths = (
			);
			name = "[CP] Embed Pods Frameworks";
			outputPaths = (
			);
			runOnlyForDeploymentPostprocessing = 0;
			shellPath = /bin/sh;
			shellScript = "\"${SRCROOT}/Pods/Target Support Files/Pods-CustomWindow/Pods-CustomWindow-frameworks.sh\"\n";
			showEnvVarsInLog = 0;
		};
		6241CE62EAB06E3DBCDE9699 /* [CP] Check Pods Manifest.lock */ = {
			isa = PBXShellScriptBuildPhase;
			buildActionMask = 2147483647;
			files = (
			);
			inputPaths = (
			);
			name = "[CP] Check Pods Manifest.lock";
			outputPaths = (
			);
			runOnlyForDeploymentPostprocessing = 0;
			shellPath = /bin/sh;
			shellScript = "diff \"${PODS_PODFILE_DIR_PATH}/Podfile.lock\" \"${PODS_ROOT}/Manifest.lock\" > /dev/null\nif [ $? != 0 ] ; then\n    # print error to STDERR\n    echo \"error: The sandbox is not in sync with the Podfile.lock. Run 'pod install' or update your CocoaPods installation.\" >&2\n    exit 1\nfi\n";
			showEnvVarsInLog = 0;
		};
		690DE278B345FAF05CBA6273 /* [CP] Check Pods Manifest.lock */ = {
			isa = PBXShellScriptBuildPhase;
			buildActionMask = 2147483647;
			files = (
			);
			inputPaths = (
			);
			name = "[CP] Check Pods Manifest.lock";
			outputPaths = (
			);
			runOnlyForDeploymentPostprocessing = 0;
			shellPath = /bin/sh;
			shellScript = "diff \"${PODS_PODFILE_DIR_PATH}/Podfile.lock\" \"${PODS_ROOT}/Manifest.lock\" > /dev/null\nif [ $? != 0 ] ; then\n    # print error to STDERR\n    echo \"error: The sandbox is not in sync with the Podfile.lock. Run 'pod install' or update your CocoaPods installation.\" >&2\n    exit 1\nfi\n";
			showEnvVarsInLog = 0;
		};
		AD228DA905B876AAB536B986 /* [CP] Copy Pods Resources */ = {
			isa = PBXShellScriptBuildPhase;
			buildActionMask = 2147483647;
			files = (
			);
			inputPaths = (
			);
			name = "[CP] Copy Pods Resources";
			outputPaths = (
			);
			runOnlyForDeploymentPostprocessing = 0;
			shellPath = /bin/sh;
			shellScript = "\"${SRCROOT}/Pods/Target Support Files/Pods-CustomWindow/Pods-CustomWindow-resources.sh\"\n";
			showEnvVarsInLog = 0;
		};
		B7D8DC53178EC0C577B21841 /* [CP] Check Pods Manifest.lock */ = {
			isa = PBXShellScriptBuildPhase;
			buildActionMask = 2147483647;
			files = (
			);
			inputPaths = (
			);
			name = "[CP] Check Pods Manifest.lock";
			outputPaths = (
			);
			runOnlyForDeploymentPostprocessing = 0;
			shellPath = /bin/sh;
			shellScript = "diff \"${PODS_PODFILE_DIR_PATH}/Podfile.lock\" \"${PODS_ROOT}/Manifest.lock\" > /dev/null\nif [ $? != 0 ] ; then\n    # print error to STDERR\n    echo \"error: The sandbox is not in sync with the Podfile.lock. Run 'pod install' or update your CocoaPods installation.\" >&2\n    exit 1\nfi\n";
			showEnvVarsInLog = 0;
		};
		D5EB781E75BCED601E6B0B94 /* [CP] Copy Pods Resources */ = {
			isa = PBXShellScriptBuildPhase;
			buildActionMask = 2147483647;
			files = (
			);
			inputPaths = (
			);
			name = "[CP] Copy Pods Resources";
			outputPaths = (
			);
			runOnlyForDeploymentPostprocessing = 0;
			shellPath = /bin/sh;
			shellScript = "\"${SRCROOT}/Pods/Target Support Files/Pods-CustomWindowUITests/Pods-CustomWindowUITests-resources.sh\"\n";
			showEnvVarsInLog = 0;
		};
/* End PBXShellScriptBuildPhase section */

/* Begin PBXSourcesBuildPhase section */
		90D679331F910CE800649913 /* Sources */ = {
			isa = PBXSourcesBuildPhase;
			buildActionMask = 2147483647;
			files = (
				9069B4241FB749A600457CA3 /* LearnOutLetsViewController.m in Sources */,
				90AA18D41FA64127008E65C1 /* NSTextAttachment_Custom.m in Sources */,
				9087929320528AD500520631 /* NSStringEncodingViewController.m in Sources */,
				9037B72F2063437200F78454 /* ApplayForQuestionViewController.m in Sources */,
				90D679871F93577B00649913 /* SteAWindow.m in Sources */,
				906E11C91FB09579005B205A /* MapTableVIewAndHashTableViewController.m in Sources */,
				90576E322047F135002D73E8 /* SteKeyValueObserver.m in Sources */,
				90595AA6204D97CA00872B46 /* CustomSubThread.m in Sources */,
				905596801FA0D86700598A5E /* UIViewController+SteShowCustomWindow.m in Sources */,
				90B818311FAF2F4000577AB8 /* TestJSFilesViewController.m in Sources */,
				90D679731F910DDD00649913 /* MainViewController.m in Sources */,
				90E765F91FB33F6A006BD316 /* TextObj.m in Sources */,
				90B818411FAF3C1C00577AB8 /* TestBitsOperaterActionViewController.m in Sources */,
				909FDBFE1FB5E2EF00567097 /* HashTable.c in Sources */,
				90576E3E204A93C8002D73E8 /* TestProcessViewController.m in Sources */,
				90576E41204A9445002D73E8 /* TestPthread.m in Sources */,
				90D679801F91274A00649913 /* CustomViewController.m in Sources */,
				9087929A2052BF1C00520631 /* GCDTimerVSNSTimerBaseViewController.m in Sources */,
				90D6794A1F910CE800649913 /* main.m in Sources */,
				90D679841F92EB4600649913 /* UIApplication+SteWindow.m in Sources */,
				90576E38204840A3002D73E8 /* SteKeyValueColor.m in Sources */,
				9069B4271FB749E200457CA3 /* LearnOutLetsCustomView.m in Sources */,
				90AA18D11FA63509008E65C1 /* TestTextAttachmentViewController.m in Sources */,
				90B8183D1FAF318100577AB8 /* ShowCustomWinViewController.m in Sources */,
				902FDF2B1FA22A5C006F90E1 /* MainViewControllerTableViewCell.m in Sources */,
				90576E2F2047D938002D73E8 /* AbountKvcAndKvoViewController.m in Sources */,
				9087929720528B4600520631 /* GCDTimerVSNSTimerViewController.m in Sources */,
				90D679781F91159600649913 /* SteWindow.m in Sources */,
				9087929E205683F600520631 /* LearnViewAnimationViewController.m in Sources */,
				90E765F61FB3396A006BD316 /* TextItem.m in Sources */,
				9029B6001FA8C06800648438 /* NSString+Custom.m in Sources */,
				90D6796F1F910D8D00649913 /* AppDelegate.m in Sources */,
			);
			runOnlyForDeploymentPostprocessing = 0;
		};
		90D6794B1F910CE800649913 /* Sources */ = {
			isa = PBXSourcesBuildPhase;
			buildActionMask = 2147483647;
			files = (
				90D679541F910CE800649913 /* CustomWindowTests.m in Sources */,
			);
			runOnlyForDeploymentPostprocessing = 0;
		};
		90D679561F910CE800649913 /* Sources */ = {
			isa = PBXSourcesBuildPhase;
			buildActionMask = 2147483647;
			files = (
				90D6795F1F910CE800649913 /* CustomWindowUITests.m in Sources */,
			);
			runOnlyForDeploymentPostprocessing = 0;
		};
/* End PBXSourcesBuildPhase section */

/* Begin PBXTargetDependency section */
		90D679511F910CE800649913 /* PBXTargetDependency */ = {
			isa = PBXTargetDependency;
			target = 90D679361F910CE800649913 /* CustomWindow */;
			targetProxy = 90D679501F910CE800649913 /* PBXContainerItemProxy */;
		};
		90D6795C1F910CE800649913 /* PBXTargetDependency */ = {
			isa = PBXTargetDependency;
			target = 90D679361F910CE800649913 /* CustomWindow */;
			targetProxy = 90D6795B1F910CE800649913 /* PBXContainerItemProxy */;
		};
/* End PBXTargetDependency section */

/* Begin PBXVariantGroup section */
		90D679401F910CE800649913 /* Main.storyboard */ = {
			isa = PBXVariantGroup;
			children = (
				90D679411F910CE800649913 /* Base */,
			);
			name = Main.storyboard;
			sourceTree = "<group>";
		};
		90D679451F910CE800649913 /* LaunchScreen.storyboard */ = {
			isa = PBXVariantGroup;
			children = (
				90D679461F910CE800649913 /* Base */,
			);
			name = LaunchScreen.storyboard;
			sourceTree = "<group>";
		};
/* End PBXVariantGroup section */

/* Begin XCBuildConfiguration section */
		90D679611F910CE800649913 /* Debug */ = {
			isa = XCBuildConfiguration;
			buildSettings = {
				ALWAYS_SEARCH_USER_PATHS = NO;
				CLANG_ANALYZER_NONNULL = YES;
				CLANG_ANALYZER_NUMBER_OBJECT_CONVERSION = YES_AGGRESSIVE;
				CLANG_CXX_LANGUAGE_STANDARD = "gnu++14";
				CLANG_CXX_LIBRARY = "libc++";
				CLANG_ENABLE_MODULES = YES;
				CLANG_ENABLE_OBJC_ARC = YES;
				CLANG_WARN_BLOCK_CAPTURE_AUTORELEASING = YES;
				CLANG_WARN_BOOL_CONVERSION = YES;
				CLANG_WARN_COMMA = YES;
				CLANG_WARN_CONSTANT_CONVERSION = YES;
				CLANG_WARN_DIRECT_OBJC_ISA_USAGE = YES_ERROR;
				CLANG_WARN_DOCUMENTATION_COMMENTS = YES;
				CLANG_WARN_EMPTY_BODY = YES;
				CLANG_WARN_ENUM_CONVERSION = YES;
				CLANG_WARN_INFINITE_RECURSION = YES;
				CLANG_WARN_INT_CONVERSION = YES;
				CLANG_WARN_NON_LITERAL_NULL_CONVERSION = YES;
				CLANG_WARN_OBJC_LITERAL_CONVERSION = YES;
				CLANG_WARN_OBJC_ROOT_CLASS = YES_ERROR;
				CLANG_WARN_RANGE_LOOP_ANALYSIS = YES;
				CLANG_WARN_STRICT_PROTOTYPES = YES;
				CLANG_WARN_SUSPICIOUS_MOVE = YES;
				CLANG_WARN_UNGUARDED_AVAILABILITY = YES_AGGRESSIVE;
				CLANG_WARN_UNREACHABLE_CODE = YES;
				CLANG_WARN__DUPLICATE_METHOD_MATCH = YES;
				CODE_SIGN_IDENTITY = "iPhone Developer";
				COPY_PHASE_STRIP = NO;
				DEBUG_INFORMATION_FORMAT = dwarf;
				ENABLE_STRICT_OBJC_MSGSEND = YES;
				ENABLE_TESTABILITY = YES;
				GCC_C_LANGUAGE_STANDARD = gnu11;
				GCC_DYNAMIC_NO_PIC = NO;
				GCC_NO_COMMON_BLOCKS = YES;
				GCC_OPTIMIZATION_LEVEL = 0;
				GCC_PREPROCESSOR_DEFINITIONS = (
					"DEBUG=1",
					"$(inherited)",
				);
				GCC_WARN_64_TO_32_BIT_CONVERSION = YES;
				GCC_WARN_ABOUT_RETURN_TYPE = YES_ERROR;
				GCC_WARN_UNDECLARED_SELECTOR = YES;
				GCC_WARN_UNINITIALIZED_AUTOS = YES_AGGRESSIVE;
				GCC_WARN_UNUSED_FUNCTION = YES;
				GCC_WARN_UNUSED_VARIABLE = YES;
				IPHONEOS_DEPLOYMENT_TARGET = 11.0;
				MTL_ENABLE_DEBUG_INFO = YES;
				ONLY_ACTIVE_ARCH = YES;
				SDKROOT = iphoneos;
			};
			name = Debug;
		};
		90D679621F910CE800649913 /* Release */ = {
			isa = XCBuildConfiguration;
			buildSettings = {
				ALWAYS_SEARCH_USER_PATHS = NO;
				CLANG_ANALYZER_NONNULL = YES;
				CLANG_ANALYZER_NUMBER_OBJECT_CONVERSION = YES_AGGRESSIVE;
				CLANG_CXX_LANGUAGE_STANDARD = "gnu++14";
				CLANG_CXX_LIBRARY = "libc++";
				CLANG_ENABLE_MODULES = YES;
				CLANG_ENABLE_OBJC_ARC = YES;
				CLANG_WARN_BLOCK_CAPTURE_AUTORELEASING = YES;
				CLANG_WARN_BOOL_CONVERSION = YES;
				CLANG_WARN_COMMA = YES;
				CLANG_WARN_CONSTANT_CONVERSION = YES;
				CLANG_WARN_DIRECT_OBJC_ISA_USAGE = YES_ERROR;
				CLANG_WARN_DOCUMENTATION_COMMENTS = YES;
				CLANG_WARN_EMPTY_BODY = YES;
				CLANG_WARN_ENUM_CONVERSION = YES;
				CLANG_WARN_INFINITE_RECURSION = YES;
				CLANG_WARN_INT_CONVERSION = YES;
				CLANG_WARN_NON_LITERAL_NULL_CONVERSION = YES;
				CLANG_WARN_OBJC_LITERAL_CONVERSION = YES;
				CLANG_WARN_OBJC_ROOT_CLASS = YES_ERROR;
				CLANG_WARN_RANGE_LOOP_ANALYSIS = YES;
				CLANG_WARN_STRICT_PROTOTYPES = YES;
				CLANG_WARN_SUSPICIOUS_MOVE = YES;
				CLANG_WARN_UNGUARDED_AVAILABILITY = YES_AGGRESSIVE;
				CLANG_WARN_UNREACHABLE_CODE = YES;
				CLANG_WARN__DUPLICATE_METHOD_MATCH = YES;
				CODE_SIGN_IDENTITY = "iPhone Developer";
				COPY_PHASE_STRIP = NO;
				DEBUG_INFORMATION_FORMAT = "dwarf-with-dsym";
				ENABLE_NS_ASSERTIONS = NO;
				ENABLE_STRICT_OBJC_MSGSEND = YES;
				GCC_C_LANGUAGE_STANDARD = gnu11;
				GCC_NO_COMMON_BLOCKS = YES;
				GCC_WARN_64_TO_32_BIT_CONVERSION = YES;
				GCC_WARN_ABOUT_RETURN_TYPE = YES_ERROR;
				GCC_WARN_UNDECLARED_SELECTOR = YES;
				GCC_WARN_UNINITIALIZED_AUTOS = YES_AGGRESSIVE;
				GCC_WARN_UNUSED_FUNCTION = YES;
				GCC_WARN_UNUSED_VARIABLE = YES;
				IPHONEOS_DEPLOYMENT_TARGET = 11.0;
				MTL_ENABLE_DEBUG_INFO = NO;
				SDKROOT = iphoneos;
				VALIDATE_PRODUCT = YES;
			};
			name = Release;
		};
		90D679641F910CE800649913 /* Debug */ = {
			isa = XCBuildConfiguration;
			baseConfigurationReference = C47316BD743D5B57DDAF787E /* Pods-CustomWindow.debug.xcconfig */;
			buildSettings = {
				ASSETCATALOG_COMPILER_APPICON_NAME = AppIcon;
				CLANG_CXX_LANGUAGE_STANDARD = "gnu++14";
				CODE_SIGN_STYLE = Automatic;
				DEVELOPMENT_TEAM = J3Y5FLL6V8;
				INFOPLIST_FILE = CustomWindow/Info.plist;
				IPHONEOS_DEPLOYMENT_TARGET = 8.0;
				LD_RUNPATH_SEARCH_PATHS = "$(inherited) @executable_path/Frameworks";
				PRODUCT_BUNDLE_IDENTIFIER = com.stephanie.www.CustomWindow;
				PRODUCT_NAME = "$(TARGET_NAME)";
				TARGETED_DEVICE_FAMILY = "1,2";
			};
			name = Debug;
		};
		90D679651F910CE800649913 /* Release */ = {
			isa = XCBuildConfiguration;
			baseConfigurationReference = 5937A4FFA5D72F1AE9398F68 /* Pods-CustomWindow.release.xcconfig */;
			buildSettings = {
				ASSETCATALOG_COMPILER_APPICON_NAME = AppIcon;
				CLANG_CXX_LANGUAGE_STANDARD = "gnu++14";
				CODE_SIGN_STYLE = Automatic;
				DEVELOPMENT_TEAM = J3Y5FLL6V8;
				INFOPLIST_FILE = CustomWindow/Info.plist;
				IPHONEOS_DEPLOYMENT_TARGET = 8.0;
				LD_RUNPATH_SEARCH_PATHS = "$(inherited) @executable_path/Frameworks";
				PRODUCT_BUNDLE_IDENTIFIER = com.stephanie.www.CustomWindow;
				PRODUCT_NAME = "$(TARGET_NAME)";
				TARGETED_DEVICE_FAMILY = "1,2";
			};
			name = Release;
		};
		90D679671F910CE800649913 /* Debug */ = {
			isa = XCBuildConfiguration;
			baseConfigurationReference = 16B31D4CAEF25ED530D2EA7A /* Pods-CustomWindowTests.debug.xcconfig */;
			buildSettings = {
				BUNDLE_LOADER = "$(TEST_HOST)";
				CODE_SIGN_STYLE = Automatic;
				DEVELOPMENT_TEAM = J3Y5FLL6V8;
				INFOPLIST_FILE = CustomWindowTests/Info.plist;
				LD_RUNPATH_SEARCH_PATHS = "$(inherited) @executable_path/Frameworks @loader_path/Frameworks";
				PRODUCT_BUNDLE_IDENTIFIER = com.stephanie.www.CustomWindowTests;
				PRODUCT_NAME = "$(TARGET_NAME)";
				TARGETED_DEVICE_FAMILY = "1,2";
				TEST_HOST = "$(BUILT_PRODUCTS_DIR)/CustomWindow.app/CustomWindow";
			};
			name = Debug;
		};
		90D679681F910CE800649913 /* Release */ = {
			isa = XCBuildConfiguration;
			baseConfigurationReference = FF7056EABB61D2283F2115A1 /* Pods-CustomWindowTests.release.xcconfig */;
			buildSettings = {
				BUNDLE_LOADER = "$(TEST_HOST)";
				CODE_SIGN_STYLE = Automatic;
				DEVELOPMENT_TEAM = J3Y5FLL6V8;
				INFOPLIST_FILE = CustomWindowTests/Info.plist;
				LD_RUNPATH_SEARCH_PATHS = "$(inherited) @executable_path/Frameworks @loader_path/Frameworks";
				PRODUCT_BUNDLE_IDENTIFIER = com.stephanie.www.CustomWindowTests;
				PRODUCT_NAME = "$(TARGET_NAME)";
				TARGETED_DEVICE_FAMILY = "1,2";
				TEST_HOST = "$(BUILT_PRODUCTS_DIR)/CustomWindow.app/CustomWindow";
			};
			name = Release;
		};
		90D6796A1F910CE800649913 /* Debug */ = {
			isa = XCBuildConfiguration;
			baseConfigurationReference = 9166E267D3DBDEED3735E711 /* Pods-CustomWindowUITests.debug.xcconfig */;
			buildSettings = {
				CODE_SIGN_STYLE = Automatic;
				DEVELOPMENT_TEAM = J3Y5FLL6V8;
				INFOPLIST_FILE = CustomWindowUITests/Info.plist;
				LD_RUNPATH_SEARCH_PATHS = "$(inherited) @executable_path/Frameworks @loader_path/Frameworks";
				PRODUCT_BUNDLE_IDENTIFIER = com.stephanie.www.CustomWindowUITests;
				PRODUCT_NAME = "$(TARGET_NAME)";
				TARGETED_DEVICE_FAMILY = "1,2";
				TEST_TARGET_NAME = CustomWindow;
			};
			name = Debug;
		};
		90D6796B1F910CE800649913 /* Release */ = {
			isa = XCBuildConfiguration;
			baseConfigurationReference = D55D18B05F9375620E514E27 /* Pods-CustomWindowUITests.release.xcconfig */;
			buildSettings = {
				CODE_SIGN_STYLE = Automatic;
				DEVELOPMENT_TEAM = J3Y5FLL6V8;
				INFOPLIST_FILE = CustomWindowUITests/Info.plist;
				LD_RUNPATH_SEARCH_PATHS = "$(inherited) @executable_path/Frameworks @loader_path/Frameworks";
				PRODUCT_BUNDLE_IDENTIFIER = com.stephanie.www.CustomWindowUITests;
				PRODUCT_NAME = "$(TARGET_NAME)";
				TARGETED_DEVICE_FAMILY = "1,2";
				TEST_TARGET_NAME = CustomWindow;
			};
			name = Release;
		};
/* End XCBuildConfiguration section */

/* Begin XCConfigurationList section */
		90D679321F910CE800649913 /* Build configuration list for PBXProject "CustomWindow" */ = {
			isa = XCConfigurationList;
			buildConfigurations = (
				90D679611F910CE800649913 /* Debug */,
				90D679621F910CE800649913 /* Release */,
			);
			defaultConfigurationIsVisible = 0;
			defaultConfigurationName = Release;
		};
		90D679631F910CE800649913 /* Build configuration list for PBXNativeTarget "CustomWindow" */ = {
			isa = XCConfigurationList;
			buildConfigurations = (
				90D679641F910CE800649913 /* Debug */,
				90D679651F910CE800649913 /* Release */,
			);
			defaultConfigurationIsVisible = 0;
			defaultConfigurationName = Release;
		};
		90D679661F910CE800649913 /* Build configuration list for PBXNativeTarget "CustomWindowTests" */ = {
			isa = XCConfigurationList;
			buildConfigurations = (
				90D679671F910CE800649913 /* Debug */,
				90D679681F910CE800649913 /* Release */,
			);
			defaultConfigurationIsVisible = 0;
			defaultConfigurationName = Release;
		};
		90D679691F910CE800649913 /* Build configuration list for PBXNativeTarget "CustomWindowUITests" */ = {
			isa = XCConfigurationList;
			buildConfigurations = (
				90D6796A1F910CE800649913 /* Debug */,
				90D6796B1F910CE800649913 /* Release */,
			);
			defaultConfigurationIsVisible = 0;
			defaultConfigurationName = Release;
		};
/* End XCConfigurationList section */
	};
	rootObject = 90D6792F1F910CE800649913 /* Project object */;
}
